
Microsoft Visual Studio Solution File, Format Version 12.00
# Visual Studio 14
VisualStudioVersion = 14.0.25420.1
MinimumVisualStudioVersion = 10.0.40219.1
Project("{FAE04EC0-301F-11D3-BF4B-00C04F79EFBC}") = "ElderThingFaction", "ElderThingFaction\ElderThingFaction.csproj", "{8563A9F1-A42F-4E1F-BF86-49E052779CA4}"
EndProject
Project("{2150E333-8FDC-42A3-9474-1A3956D46DE8}") = "Solution Items", "Solution Items", "{8270146F-D842-4D88-9B5C-6093D330E93C}"
EndProject
Global
	GlobalSection(SolutionConfigurationPlatforms) = preSolution
		Debug|Any CPU = Debug|Any CPU
		Release|Any CPU = Release|Any CPU
	EndGlobalSection
	GlobalSection(ProjectConfigurationPlatforms) = postSolution
		{8563A9F1-A42F-4E1F-BF86-49E052779CA4}.Debug|Any CPU.ActiveCfg = Debug|Any CPU
		{8563A9F1-A42F-4E1F-BF86-49E052779CA4}.Debug|Any CPU.Build.0 = Debug|Any CPU
		{8563A9F1-A42F-4E1F-BF86-49E052779CA4}.Release|Any CPU.ActiveCfg = Release|Any CPU
		{8563A9F1-A42F-4E1F-BF86-49E052779CA4}.Release|Any CPU.Build.0 = Release|Any CPU
	EndGlobalSection
	GlobalSection(SolutionProperties) = preSolution
		HideSolutionNode = FALSE
	EndGlobalSection
EndGlobal
