
Microsoft Visual Studio Solution File, Format Version 12.00
# Visual Studio Version 16
VisualStudioVersion = 16.0.31515.178
MinimumVisualStudioVersion = 10.0.40219.1
Project("{9A19103F-16F7-4668-BE54-9A1E7A4F7556}") = "ElderThingFaction", "ElderThingFaction.csproj", "{8563A9F1-A42F-4E1F-BF86-49E052779CA4}"
EndProject
Global
	GlobalSection(SolutionConfigurationPlatforms) = preSolution
		Debug|Any CPU = Debug|Any CPU
		Release|Any CPU = Release|Any CPU
	EndGlobalSection
	GlobalSection(ProjectConfigurationPlatforms) = postSolution
		{8563A9F1-A42F-4E1F-BF86-49E052779CA4}.Debug|Any CPU.ActiveCfg = Debug|Any CPU
		{8563A9F1-A42F-4E1F-BF86-49E052779CA4}.Debug|Any CPU.Build.0 = Debug|Any CPU
		{8563A9F1-A42F-4E1F-BF86-49E052779CA4}.Release|Any CPU.ActiveCfg = RW1.4|Any CPU
		{8563A9F1-A42F-4E1F-BF86-49E052779CA4}.Release|Any CPU.Build.0 = RW1.4|Any CPU
	EndGlobalSection
	GlobalSection(SolutionProperties) = preSolution
		HideSolutionNode = FALSE
	EndGlobalSection
	GlobalSection(ExtensibilityGlobals) = postSolution
		SolutionGuid = {3CF8948A-E887-457C-ABCB-40209FB9A01D}
	EndGlobalSection
EndGlobal
